Microsoft Visual Studio Solution File, Format Version 12.00
# Visual Studio Version 17
VisualStudioVersion = 17.5.2.0
MinimumVisualStudioVersion = 10.0.40219.1
Project("{FAE04EC0-301F-11D3-BF4B-00C04F79EFBC}") = "StreamBuddy.API", "StreamBuddy.API.csproj", "{58CE3EAA-621D-D497-477F-F2FAAF299EA8}"
EndProject
Global
	GlobalSection(SolutionConfigurationPlatforms) = preSolution
		Debug|Any CPU = Debug|Any CPU
		Release|Any CPU = Release|Any CPU
	EndGlobalSection
	GlobalSection(ProjectConfigurationPlatforms) = postSolution
		{58CE3EAA-621D-D497-477F-F2FAAF299EA8}.Debug|Any CPU.ActiveCfg = Debug|Any CPU
		{58CE3EAA-621D-D497-477F-F2FAAF299EA8}.Debug|Any CPU.Build.0 = Debug|Any CPU
		{58CE3EAA-621D-D497-477F-F2FAAF299EA8}.Release|Any CPU.ActiveCfg = Release|Any CPU
		{58CE3EAA-621D-D497-477F-F2FAAF299EA8}.Release|Any CPU.Build.0 = Release|Any CPU
	EndGlobalSection
	GlobalSection(SolutionProperties) = preSolution
		HideSolutionNode = FALSE
	EndGlobalSection
	GlobalSection(ExtensibilityGlobals) = postSolution
		SolutionGuid = {C9C8C5F5-A2D8-401B-AFB9-694C7656D307}
	EndGlobalSection
EndGlobal
